
Microsoft Visual Studio Solution File, Format Version 12.00
# Visual Studio 2013
VisualStudioVersion = 12.0.30501.0
MinimumVisualStudioVersion = 10.0.40219.1
Project("{FAE04EC0-301F-11D3-BF4B-00C04F79EFBC}") = "_1_Galactic_GPS", "_1_Galactic_GPS\_1_Galactic_GPS.csproj", "{FF9B9580-3067-4588-9F1A-C8678C67907F}"
EndProject
Project("{FAE04EC0-301F-11D3-BF4B-00C04F79EFBC}") = "_2_Fraction_Calculator", "_2_Fraction_Calculator\_2_Fraction_Calculator.csproj", "{CF11372B-F24B-4BE3-AB89-11206BF1552B}"
EndProject
Project("{FAE04EC0-301F-11D3-BF4B-00C04F79EFBC}") = "_3_Generic_List", "_3_Generic_List\_3_Generic_List.csproj", "{6A2AA126-75DD-4783-B186-2E468427FC98}"
EndProject
Global
	GlobalSection(SolutionConfigurationPlatforms) = preSolution
		Debug|Any CPU = Debug|Any CPU
		Release|Any CPU = Release|Any CPU
	EndGlobalSection
	GlobalSection(ProjectConfigurationPlatforms) = postSolution
		{FF9B9580-3067-4588-9F1A-C8678C67907F}.Debug|Any CPU.ActiveCfg = Debug|Any CPU
		{FF9B9580-3067-4588-9F1A-C8678C67907F}.Debug|Any CPU.Build.0 = Debug|Any CPU
		{FF9B9580-3067-4588-9F1A-C8678C67907F}.Release|Any CPU.ActiveCfg = Release|Any CPU
		{FF9B9580-3067-4588-9F1A-C8678C67907F}.Release|Any CPU.Build.0 = Release|Any CPU
		{CF11372B-F24B-4BE3-AB89-11206BF1552B}.Debug|Any CPU.ActiveCfg = Debug|Any CPU
		{CF11372B-F24B-4BE3-AB89-11206BF1552B}.Debug|Any CPU.Build.0 = Debug|Any CPU
		{CF11372B-F24B-4BE3-AB89-11206BF1552B}.Release|Any CPU.ActiveCfg = Release|Any CPU
		{CF11372B-F24B-4BE3-AB89-11206BF1552B}.Release|Any CPU.Build.0 = Release|Any CPU
		{6A2AA126-75DD-4783-B186-2E468427FC98}.Debug|Any CPU.ActiveCfg = Debug|Any CPU
		{6A2AA126-75DD-4783-B186-2E468427FC98}.Debug|Any CPU.Build.0 = Debug|Any CPU
		{6A2AA126-75DD-4783-B186-2E468427FC98}.Release|Any CPU.ActiveCfg = Release|Any CPU
		{6A2AA126-75DD-4783-B186-2E468427FC98}.Release|Any CPU.Build.0 = Release|Any CPU
	EndGlobalSection
	GlobalSection(SolutionProperties) = preSolution
		HideSolutionNode = FALSE
	EndGlobalSection
EndGlobal
