
Microsoft Visual Studio Solution File, Format Version 12.00
# Visual Studio 2013
VisualStudioVersion = 12.0.30501.0
MinimumVisualStudioVersion = 10.0.40219.1
Project("{FAE04EC0-301F-11D3-BF4B-00C04F79EFBC}") = "_1_Customer", "_1_Customer\_1_Customer.csproj", "{1100123D-98E1-46A8-A495-912F8CFA5786}"
EndProject
Project("{FAE04EC0-301F-11D3-BF4B-00C04F79EFBC}") = "_2_String_Disperser", "_2_String_Disperser\_2_String_Disperser.csproj", "{78DFFD4A-847C-4BD5-8918-CCAA7EE6FCD2}"
EndProject
Global
	GlobalSection(SolutionConfigurationPlatforms) = preSolution
		Debug|Any CPU = Debug|Any CPU
		Release|Any CPU = Release|Any CPU
	EndGlobalSection
	GlobalSection(ProjectConfigurationPlatforms) = postSolution
		{1100123D-98E1-46A8-A495-912F8CFA5786}.Debug|Any CPU.ActiveCfg = Debug|Any CPU
		{1100123D-98E1-46A8-A495-912F8CFA5786}.Debug|Any CPU.Build.0 = Debug|Any CPU
		{1100123D-98E1-46A8-A495-912F8CFA5786}.Release|Any CPU.ActiveCfg = Release|Any CPU
		{1100123D-98E1-46A8-A495-912F8CFA5786}.Release|Any CPU.Build.0 = Release|Any CPU
		{78DFFD4A-847C-4BD5-8918-CCAA7EE6FCD2}.Debug|Any CPU.ActiveCfg = Debug|Any CPU
		{78DFFD4A-847C-4BD5-8918-CCAA7EE6FCD2}.Debug|Any CPU.Build.0 = Debug|Any CPU
		{78DFFD4A-847C-4BD5-8918-CCAA7EE6FCD2}.Release|Any CPU.ActiveCfg = Release|Any CPU
		{78DFFD4A-847C-4BD5-8918-CCAA7EE6FCD2}.Release|Any CPU.Build.0 = Release|Any CPU
	EndGlobalSection
	GlobalSection(SolutionProperties) = preSolution
		HideSolutionNode = FALSE
	EndGlobalSection
EndGlobal
