
Microsoft Visual Studio Solution File, Format Version 12.00
# Visual Studio 2013
VisualStudioVersion = 12.0.30501.0
MinimumVisualStudioVersion = 10.0.40219.1
Project("{FAE04EC0-301F-11D3-BF4B-00C04F79EFBC}") = "_1_Interest_Calculator", "_1_Interest_Calculator\_1_Interest_Calculator.csproj", "{79F14A0B-FC20-47C5-86CF-F3F049D5698A}"
EndProject
Project("{FAE04EC0-301F-11D3-BF4B-00C04F79EFBC}") = "_2_Asynchronous_Timer", "_2_Asynchronous_Timer\_2_Asynchronous_Timer.csproj", "{9E25DB4C-FA66-4029-B2B3-126E023BC41A}"
EndProject
Project("{FAE04EC0-301F-11D3-BF4B-00C04F79EFBC}") = "_3_Student_Class", "_3_Student_Class\_3_Student_Class.csproj", "{16F0E56F-E18F-462D-958D-10E3D7942BE5}"
EndProject
Global
	GlobalSection(SolutionConfigurationPlatforms) = preSolution
		Debug|Any CPU = Debug|Any CPU
		Release|Any CPU = Release|Any CPU
	EndGlobalSection
	GlobalSection(ProjectConfigurationPlatforms) = postSolution
		{79F14A0B-FC20-47C5-86CF-F3F049D5698A}.Debug|Any CPU.ActiveCfg = Debug|Any CPU
		{79F14A0B-FC20-47C5-86CF-F3F049D5698A}.Debug|Any CPU.Build.0 = Debug|Any CPU
		{79F14A0B-FC20-47C5-86CF-F3F049D5698A}.Release|Any CPU.ActiveCfg = Release|Any CPU
		{79F14A0B-FC20-47C5-86CF-F3F049D5698A}.Release|Any CPU.Build.0 = Release|Any CPU
		{9E25DB4C-FA66-4029-B2B3-126E023BC41A}.Debug|Any CPU.ActiveCfg = Debug|Any CPU
		{9E25DB4C-FA66-4029-B2B3-126E023BC41A}.Debug|Any CPU.Build.0 = Debug|Any CPU
		{9E25DB4C-FA66-4029-B2B3-126E023BC41A}.Release|Any CPU.ActiveCfg = Release|Any CPU
		{9E25DB4C-FA66-4029-B2B3-126E023BC41A}.Release|Any CPU.Build.0 = Release|Any CPU
		{16F0E56F-E18F-462D-958D-10E3D7942BE5}.Debug|Any CPU.ActiveCfg = Debug|Any CPU
		{16F0E56F-E18F-462D-958D-10E3D7942BE5}.Debug|Any CPU.Build.0 = Debug|Any CPU
		{16F0E56F-E18F-462D-958D-10E3D7942BE5}.Release|Any CPU.ActiveCfg = Release|Any CPU
		{16F0E56F-E18F-462D-958D-10E3D7942BE5}.Release|Any CPU.Build.0 = Release|Any CPU
	EndGlobalSection
	GlobalSection(SolutionProperties) = preSolution
		HideSolutionNode = FALSE
	EndGlobalSection
EndGlobal
