
Microsoft Visual Studio Solution File, Format Version 12.00
# Visual Studio 2013
VisualStudioVersion = 12.0.31101.0
MinimumVisualStudioVersion = 10.0.40219.1
Project("{FAE04EC0-301F-11D3-BF4B-00C04F79EFBC}") = "StudentSystem.Models", "StudentSystem.Models\StudentSystem.Models.csproj", "{85B2B1B5-C0D5-4F42-A3F9-2F20B45A1F79}"
EndProject
Project("{FAE04EC0-301F-11D3-BF4B-00C04F79EFBC}") = "StudentSystem.Data", "StudentSystem.Data\StudentSystem.Data.csproj", "{46D8DD81-C81D-449E-AF81-AE7B9C5A61F8}"
EndProject
Project("{FAE04EC0-301F-11D3-BF4B-00C04F79EFBC}") = "StudentSystem.Client", "StudentSystem.Client\StudentSystem.Client.csproj", "{32B70351-A4DC-4B3B-832A-65A99778370D}"
EndProject
Global
	GlobalSection(SolutionConfigurationPlatforms) = preSolution
		Debug|Any CPU = Debug|Any CPU
		Release|Any CPU = Release|Any CPU
	EndGlobalSection
	GlobalSection(ProjectConfigurationPlatforms) = postSolution
		{85B2B1B5-C0D5-4F42-A3F9-2F20B45A1F79}.Debug|Any CPU.ActiveCfg = Debug|Any CPU
		{85B2B1B5-C0D5-4F42-A3F9-2F20B45A1F79}.Debug|Any CPU.Build.0 = Debug|Any CPU
		{85B2B1B5-C0D5-4F42-A3F9-2F20B45A1F79}.Release|Any CPU.ActiveCfg = Release|Any CPU
		{85B2B1B5-C0D5-4F42-A3F9-2F20B45A1F79}.Release|Any CPU.Build.0 = Release|Any CPU
		{46D8DD81-C81D-449E-AF81-AE7B9C5A61F8}.Debug|Any CPU.ActiveCfg = Debug|Any CPU
		{46D8DD81-C81D-449E-AF81-AE7B9C5A61F8}.Debug|Any CPU.Build.0 = Debug|Any CPU
		{46D8DD81-C81D-449E-AF81-AE7B9C5A61F8}.Release|Any CPU.ActiveCfg = Release|Any CPU
		{46D8DD81-C81D-449E-AF81-AE7B9C5A61F8}.Release|Any CPU.Build.0 = Release|Any CPU
		{32B70351-A4DC-4B3B-832A-65A99778370D}.Debug|Any CPU.ActiveCfg = Debug|Any CPU
		{32B70351-A4DC-4B3B-832A-65A99778370D}.Debug|Any CPU.Build.0 = Debug|Any CPU
		{32B70351-A4DC-4B3B-832A-65A99778370D}.Release|Any CPU.ActiveCfg = Release|Any CPU
		{32B70351-A4DC-4B3B-832A-65A99778370D}.Release|Any CPU.Build.0 = Release|Any CPU
	EndGlobalSection
	GlobalSection(SolutionProperties) = preSolution
		HideSolutionNode = FALSE
	EndGlobalSection
EndGlobal
