
Microsoft Visual Studio Solution File, Format Version 12.00
# Visual Studio 2013
VisualStudioVersion = 12.0.31101.0
MinimumVisualStudioVersion = 10.0.40219.1
Project("{FAE04EC0-301F-11D3-BF4B-00C04F79EFBC}") = "UsingDB", "UsingDB\UsingDB.csproj", "{7F187E24-8F99-4F16-880D-E3290771D846}"
EndProject
Project("{FAE04EC0-301F-11D3-BF4B-00C04F79EFBC}") = "1.ShowDataFromRelatedTables", "ShowDataFromRelatedTables\1.ShowDataFromRelatedTables.csproj", "{09E51F7C-35B7-4B37-98FA-152C1A0F8B7A}"
EndProject
Project("{FAE04EC0-301F-11D3-BF4B-00C04F79EFBC}") = "2.PlayWithToList", "PlayWithToList\2.PlayWithToList.csproj", "{125555B9-2947-4C8F-92BB-36B656882C08}"
EndProject
Project("{FAE04EC0-301F-11D3-BF4B-00C04F79EFBC}") = "3.SelectEverything_vs_SelectCertainColumns", "SelectEverything_vs_SelectCertainColumns\3.SelectEverything_vs_SelectCertainColumns.csproj", "{B8F87566-55A5-478D-9144-C11A65B9A0A6}"
EndProject
Global
	GlobalSection(SolutionConfigurationPlatforms) = preSolution
		Debug|Any CPU = Debug|Any CPU
		Release|Any CPU = Release|Any CPU
	EndGlobalSection
	GlobalSection(ProjectConfigurationPlatforms) = postSolution
		{7F187E24-8F99-4F16-880D-E3290771D846}.Debug|Any CPU.ActiveCfg = Debug|Any CPU
		{7F187E24-8F99-4F16-880D-E3290771D846}.Debug|Any CPU.Build.0 = Debug|Any CPU
		{7F187E24-8F99-4F16-880D-E3290771D846}.Release|Any CPU.ActiveCfg = Release|Any CPU
		{7F187E24-8F99-4F16-880D-E3290771D846}.Release|Any CPU.Build.0 = Release|Any CPU
		{09E51F7C-35B7-4B37-98FA-152C1A0F8B7A}.Debug|Any CPU.ActiveCfg = Debug|Any CPU
		{09E51F7C-35B7-4B37-98FA-152C1A0F8B7A}.Debug|Any CPU.Build.0 = Debug|Any CPU
		{09E51F7C-35B7-4B37-98FA-152C1A0F8B7A}.Release|Any CPU.ActiveCfg = Release|Any CPU
		{09E51F7C-35B7-4B37-98FA-152C1A0F8B7A}.Release|Any CPU.Build.0 = Release|Any CPU
		{125555B9-2947-4C8F-92BB-36B656882C08}.Debug|Any CPU.ActiveCfg = Debug|Any CPU
		{125555B9-2947-4C8F-92BB-36B656882C08}.Debug|Any CPU.Build.0 = Debug|Any CPU
		{125555B9-2947-4C8F-92BB-36B656882C08}.Release|Any CPU.ActiveCfg = Release|Any CPU
		{125555B9-2947-4C8F-92BB-36B656882C08}.Release|Any CPU.Build.0 = Release|Any CPU
		{B8F87566-55A5-478D-9144-C11A65B9A0A6}.Debug|Any CPU.ActiveCfg = Debug|Any CPU
		{B8F87566-55A5-478D-9144-C11A65B9A0A6}.Debug|Any CPU.Build.0 = Debug|Any CPU
		{B8F87566-55A5-478D-9144-C11A65B9A0A6}.Release|Any CPU.ActiveCfg = Release|Any CPU
		{B8F87566-55A5-478D-9144-C11A65B9A0A6}.Release|Any CPU.Build.0 = Release|Any CPU
	EndGlobalSection
	GlobalSection(SolutionProperties) = preSolution
		HideSolutionNode = FALSE
	EndGlobalSection
EndGlobal
